
Microsoft Visual Studio Solution File, Format Version 12.00
# Visual Studio Version 17
VisualStudioVersion = 17.14.36930.0
MinimumVisualStudioVersion = 10.0.40219.1
Project("{FAE04EC0-301F-11D3-BF4B-00C04F79EFBC}") = "Identity.API", "Identity.API\Identity.API.csproj", "{CAC0D255-1CA0-4FD4-B62B-857EE8C4A7A4}"
EndProject
Project("{FAE04EC0-301F-11D3-BF4B-00C04F79EFBC}") = "Market.API", "Market.API\Market.API.csproj", "{971EDDBA-763F-4229-AD20-605F9D684444}"
EndProject
Project("{E53339B2-1760-4266-BCC7-CA923CBCF16C}") = "docker-compose", "docker-compose.dcproj", "{81DDED9D-158B-E303-5F62-77A2896D2A5A}"
EndProject
Project("{FAE04EC0-301F-11D3-BF4B-00C04F79EFBC}") = "Shared.Messages", "Shared.Messages\Shared.Messages.csproj", "{2A03E161-E63A-77AA-30B4-460DEDE3C87F}"
EndProject
Project("{FAE04EC0-301F-11D3-BF4B-00C04F79EFBC}") = "API.Gateway", "API.Gateway\API.Gateway.csproj", "{47114D08-19D4-46CA-A3AB-E9220289C571}"
EndProject
Project("{FAE04EC0-301F-11D3-BF4B-00C04F79EFBC}") = "Notifications.API", "Notifications.API\Notifications.API.csproj", "{66963786-EE4C-48E0-B00D-E378E997435B}"
EndProject
Project("{FAE04EC0-301F-11D3-BF4B-00C04F79EFBC}") = "Portfolio.API", "Portfolio.API\Portfolio.API.csproj", "{984E6D88-5D9D-45A4-A441-DC4E02EF83A4}"
EndProject
Global
	GlobalSection(SolutionConfigurationPlatforms) = preSolution
		Debug|Any CPU = Debug|Any CPU
		Release|Any CPU = Release|Any CPU
	EndGlobalSection
	GlobalSection(ProjectConfigurationPlatforms) = postSolution
		{CAC0D255-1CA0-4FD4-B62B-857EE8C4A7A4}.Debug|Any CPU.ActiveCfg = Debug|Any CPU
		{CAC0D255-1CA0-4FD4-B62B-857EE8C4A7A4}.Debug|Any CPU.Build.0 = Debug|Any CPU
		{CAC0D255-1CA0-4FD4-B62B-857EE8C4A7A4}.Release|Any CPU.ActiveCfg = Release|Any CPU
		{CAC0D255-1CA0-4FD4-B62B-857EE8C4A7A4}.Release|Any CPU.Build.0 = Release|Any CPU
		{971EDDBA-763F-4229-AD20-605F9D684444}.Debug|Any CPU.ActiveCfg = Debug|Any CPU
		{971EDDBA-763F-4229-AD20-605F9D684444}.Debug|Any CPU.Build.0 = Debug|Any CPU
		{971EDDBA-763F-4229-AD20-605F9D684444}.Release|Any CPU.ActiveCfg = Release|Any CPU
		{971EDDBA-763F-4229-AD20-605F9D684444}.Release|Any CPU.Build.0 = Release|Any CPU
		{81DDED9D-158B-E303-5F62-77A2896D2A5A}.Debug|Any CPU.ActiveCfg = Debug|Any CPU
		{81DDED9D-158B-E303-5F62-77A2896D2A5A}.Debug|Any CPU.Build.0 = Debug|Any CPU
		{81DDED9D-158B-E303-5F62-77A2896D2A5A}.Release|Any CPU.ActiveCfg = Release|Any CPU
		{81DDED9D-158B-E303-5F62-77A2896D2A5A}.Release|Any CPU.Build.0 = Release|Any CPU
		{2A03E161-E63A-77AA-30B4-460DEDE3C87F}.Debug|Any CPU.ActiveCfg = Debug|Any CPU
		{2A03E161-E63A-77AA-30B4-460DEDE3C87F}.Debug|Any CPU.Build.0 = Debug|Any CPU
		{2A03E161-E63A-77AA-30B4-460DEDE3C87F}.Release|Any CPU.ActiveCfg = Release|Any CPU
		{2A03E161-E63A-77AA-30B4-460DEDE3C87F}.Release|Any CPU.Build.0 = Release|Any CPU
		{47114D08-19D4-46CA-A3AB-E9220289C571}.Debug|Any CPU.ActiveCfg = Debug|Any CPU
		{47114D08-19D4-46CA-A3AB-E9220289C571}.Debug|Any CPU.Build.0 = Debug|Any CPU
		{47114D08-19D4-46CA-A3AB-E9220289C571}.Release|Any CPU.ActiveCfg = Release|Any CPU
		{47114D08-19D4-46CA-A3AB-E9220289C571}.Release|Any CPU.Build.0 = Release|Any CPU
		{66963786-EE4C-48E0-B00D-E378E997435B}.Debug|Any CPU.ActiveCfg = Debug|Any CPU
		{66963786-EE4C-48E0-B00D-E378E997435B}.Debug|Any CPU.Build.0 = Debug|Any CPU
		{66963786-EE4C-48E0-B00D-E378E997435B}.Release|Any CPU.ActiveCfg = Release|Any CPU
		{66963786-EE4C-48E0-B00D-E378E997435B}.Release|Any CPU.Build.0 = Release|Any CPU
		{984E6D88-5D9D-45A4-A441-DC4E02EF83A4}.Debug|Any CPU.ActiveCfg = Debug|Any CPU
		{984E6D88-5D9D-45A4-A441-DC4E02EF83A4}.Debug|Any CPU.Build.0 = Debug|Any CPU
		{984E6D88-5D9D-45A4-A441-DC4E02EF83A4}.Release|Any CPU.ActiveCfg = Release|Any CPU
		{984E6D88-5D9D-45A4-A441-DC4E02EF83A4}.Release|Any CPU.Build.0 = Release|Any CPU
	EndGlobalSection
	GlobalSection(SolutionProperties) = preSolution
		HideSolutionNode = FALSE
	EndGlobalSection
	GlobalSection(ExtensibilityGlobals) = postSolution
		SolutionGuid = {6DA2A9B6-242D-4E12-AE9A-E842DD873CC2}
	EndGlobalSection
EndGlobal
